
Microsoft Visual Studio Solution File, Format Version 12.00
# Visual Studio Version 17
VisualStudioVersion = 17.9.34728.123
MinimumVisualStudioVersion = 10.0.40219.1
Project("{FAE04EC0-301F-11D3-BF4B-00C04F79EFBC}") = "ISNP108623_Unidad 1", "ISNP108623\ISNP108623_Unidad 1.csproj", "{B2273AC8-4A71-4A9E-B2CD-AB7D8CE574CD}"
EndProject
Global
	GlobalSection(SolutionConfigurationPlatforms) = preSolution
		Debug|Any CPU = Debug|Any CPU
		Release|Any CPU = Release|Any CPU
	EndGlobalSection
	GlobalSection(ProjectConfigurationPlatforms) = postSolution
		{B2273AC8-4A71-4A9E-B2CD-AB7D8CE574CD}.Debug|Any CPU.ActiveCfg = Debug|Any CPU
		{B2273AC8-4A71-4A9E-B2CD-AB7D8CE574CD}.Debug|Any CPU.Build.0 = Debug|Any CPU
		{B2273AC8-4A71-4A9E-B2CD-AB7D8CE574CD}.Release|Any CPU.ActiveCfg = Release|Any CPU
		{B2273AC8-4A71-4A9E-B2CD-AB7D8CE574CD}.Release|Any CPU.Build.0 = Release|Any CPU
	EndGlobalSection
	GlobalSection(SolutionProperties) = preSolution
		HideSolutionNode = FALSE
	EndGlobalSection
	GlobalSection(ExtensibilityGlobals) = postSolution
		SolutionGuid = {4511BBFC-9AED-438A-B196-D00EFDAFF730}
	EndGlobalSection
EndGlobal
